
Microsoft Visual Studio Solution File, Format Version 12.00
# Visual Studio Version 17
VisualStudioVersion = 17.5.33516.290
MinimumVisualStudioVersion = 10.0.40219.1
Project("{FAE04EC0-301F-11D3-BF4B-00C04F79EFBC}") = "Catopia", "Catopia.csproj", "{B3033045-2184-468A-9E59-FE259035C17A}"
EndProject
Global
	GlobalSection(SolutionConfigurationPlatforms) = preSolution
		Debug|Any CPU = Debug|Any CPU
		Release|Any CPU = Release|Any CPU
	EndGlobalSection
	GlobalSection(ProjectConfigurationPlatforms) = postSolution
		{B3033045-2184-468A-9E59-FE259035C17A}.Debug|Any CPU.ActiveCfg = Debug|Any CPU
		{B3033045-2184-468A-9E59-FE259035C17A}.Debug|Any CPU.Build.0 = Debug|Any CPU
		{B3033045-2184-468A-9E59-FE259035C17A}.Release|Any CPU.ActiveCfg = Release|Any CPU
		{B3033045-2184-468A-9E59-FE259035C17A}.Release|Any CPU.Build.0 = Release|Any CPU
	EndGlobalSection
	GlobalSection(SolutionProperties) = preSolution
		HideSolutionNode = FALSE
	EndGlobalSection
	GlobalSection(ExtensibilityGlobals) = postSolution
		SolutionGuid = {51700D56-2F5F-43BB-97FE-72A2B62D8534}
	EndGlobalSection
EndGlobal
